{
	"name": "kaboom-env",
	"lockfileVersion": 2,
	"requires": true,
	"packages": {
		"": {
			"name": "kaboom-env",
			"dependencies": {
				"@replit/database": "^2.0.1",
				"esbuild": "0.14.47",
				"express": "^4.17.1",
				"kaboom": "file:deps/kaboom",
				"stacktrace-js": "^2.0.2",
				"ws": "^8.2.0"
			}
		},
		"deps/kaboom": {
			"version": "2000.2.9",
			"license": "MIT",
			"devDependencies": {
				"esbuild": "0.14.47",
				"typescript": "4.5.4"
			}
		},
		"deps/kaboom/node_modules/esbuild": {
			"version": "0.14.47",
			"dev": true,
			"hasInstallScript": true,
			"license": "MIT",
			"dependencies": {
				"esbuild-android-64": "0.14.47",
				"esbuild-android-arm64": "0.14.47",
				"esbuild-darwin-64": "0.14.47",
				"esbuild-darwin-arm64": "0.14.47",
				"esbuild-freebsd-64": "0.14.47",
				"esbuild-freebsd-arm64": "0.14.47",
				"esbuild-linux-32": "0.14.47",
				"esbuild-linux-64": "0.14.47",
				"esbuild-linux-arm": "0.14.47",
				"esbuild-linux-arm64": "0.14.47",
				"esbuild-linux-mips64le": "0.14.47",
				"esbuild-linux-ppc64le": "0.14.47",
				"esbuild-linux-riscv64": "0.14.47",
				"esbuild-linux-s390x": "0.14.47",
				"esbuild-netbsd-64": "0.14.47",
				"esbuild-openbsd-64": "0.14.47",
				"esbuild-sunos-64": "0.14.47",
				"esbuild-windows-32": "0.14.47",
				"esbuild-windows-64": "0.14.47",
				"esbuild-windows-arm64": "0.14.47"
			},
			"bin": {
				"esbuild": "bin/esbuild"
			},
			"engines": {
				"node": ">=12"
			},
			"optionalDependencies": {
				"esbuild-android-64": "0.14.47",
				"esbuild-android-arm64": "0.14.47",
				"esbuild-darwin-64": "0.14.47",
				"esbuild-darwin-arm64": "0.14.47",
				"esbuild-freebsd-64": "0.14.47",
				"esbuild-freebsd-arm64": "0.14.47",
				"esbuild-linux-32": "0.14.47",
				"esbuild-linux-64": "0.14.47",
				"esbuild-linux-arm": "0.14.47",
				"esbuild-linux-arm64": "0.14.47",
				"esbuild-linux-mips64le": "0.14.47",
				"esbuild-linux-ppc64le": "0.14.47",
				"esbuild-linux-riscv64": "0.14.47",
				"esbuild-linux-s390x": "0.14.47",
				"esbuild-netbsd-64": "0.14.47",
				"esbuild-openbsd-64": "0.14.47",
				"esbuild-sunos-64": "0.14.47",
				"esbuild-windows-32": "0.14.47",
				"esbuild-windows-64": "0.14.47",
				"esbuild-windows-arm64": "0.14.47"
			}
		},
		"deps/kaboom/node_modules/typescript": {
			"version": "4.5.4",
			"dev": true,
			"license": "Apache-2.0",
			"bin": {
				"tsc": "bin/tsc",
				"tsserver": "bin/tsserver"
			},
			"engines": {
				"node": ">=4.2.0"
			}
		},
		"node_modules/@replit/database": {
			"version": "2.0.1",
			"license": "MIT",
			"dependencies": {
				"node-fetch": "^2.6.0"
			}
		},
		"node_modules/accepts": {
			"version": "1.3.8",
			"license": "MIT",
			"dependencies": {
				"mime-types": "~2.1.34",
				"negotiator": "0.6.3"
			},
			"engines": {
				"node": ">= 0.6"
			}
		},
		"node_modules/array-flatten": {
			"version": "1.1.1",
			"license": "MIT"
		},
		"node_modules/body-parser": {
			"version": "1.20.0",
			"license": "MIT",
			"dependencies": {
				"bytes": "3.1.2",
				"content-type": "~1.0.4",
				"debug": "2.6.9",
				"depd": "2.0.0",
				"destroy": "1.2.0",
				"http-errors": "2.0.0",
				"iconv-lite": "0.4.24",
				"on-finished": "2.4.1",
				"qs": "6.10.3",
				"raw-body": "2.5.1",
				"type-is": "~1.6.18",
				"unpipe": "1.0.0"
			},
			"engines": {
				"node": ">= 0.8",
				"npm": "1.2.8000 || >= 1.4.16"
			}
		},
		"node_modules/body-parser/node_modules/debug": {
			"version": "2.6.9",
			"license": "MIT",
			"dependencies": {
				"ms": "2.0.0"
			}
		},
		"node_modules/body-parser/node_modules/ms": {
			"version": "2.0.0",
			"license": "MIT"
		},
		"node_modules/bytes": {
			"version": "3.1.2",
			"license": "MIT",
			"engines": {
				"node": ">= 0.8"
			}
		},
		"node_modules/call-bind": {
			"version": "1.0.2",
			"license": "MIT",
			"dependencies": {
				"function-bind": "^1.1.1",
				"get-intrinsic": "^1.0.2"
			},
			"funding": {
				"url": "https://github.com/sponsors/ljharb"
			}
		},
		"node_modules/content-disposition": {
			"version": "0.5.4",
			"license": "MIT",
			"dependencies": {
				"safe-buffer": "5.2.1"
			},
			"engines": {
				"node": ">= 0.6"
			}
		},
		"node_modules/content-type": {
			"version": "1.0.4",
			"license": "MIT",
			"engines": {
				"node": ">= 0.6"
			}
		},
		"node_modules/cookie": {
			"version": "0.5.0",
			"license": "MIT",
			"engines": {
				"node": ">= 0.6"
			}
		},
		"node_modules/cookie-signature": {
			"version": "1.0.6",
			"license": "MIT"
		},
		"node_modules/depd": {
			"version": "2.0.0",
			"license": "MIT",
			"engines": {
				"node": ">= 0.8"
			}
		},
		"node_modules/destroy": {
			"version": "1.2.0",
			"license": "MIT",
			"engines": {
				"node": ">= 0.8",
				"npm": "1.2.8000 || >= 1.4.16"
			}
		},
		"node_modules/ee-first": {
			"version": "1.1.1",
			"license": "MIT"
		},
		"node_modules/encodeurl": {
			"version": "1.0.2",
			"license": "MIT",
			"engines": {
				"node": ">= 0.8"
			}
		},
		"node_modules/error-stack-parser": {
			"version": "2.0.6",
			"license": "MIT",
			"dependencies": {
				"stackframe": "^1.1.1"
			}
		},
		"node_modules/esbuild": {
			"version": "0.14.47",
			"resolved": "https://registry.npmjs.org/esbuild/-/esbuild-0.14.47.tgz",
			"integrity": "sha512-wI4ZiIfFxpkuxB8ju4MHrGwGLyp1+awEHAHVpx6w7a+1pmYIq8T9FGEVVwFo0iFierDoMj++Xq69GXWYn2EiwA==",
			"hasInstallScript": true,
			"dependencies": {
				"esbuild-android-64": "0.14.47",
				"esbuild-android-arm64": "0.14.47",
				"esbuild-darwin-64": "0.14.47",
				"esbuild-darwin-arm64": "0.14.47",
				"esbuild-freebsd-64": "0.14.47",
				"esbuild-freebsd-arm64": "0.14.47",
				"esbuild-linux-32": "0.14.47",
				"esbuild-linux-64": "0.14.47",
				"esbuild-linux-arm": "0.14.47",
				"esbuild-linux-arm64": "0.14.47",
				"esbuild-linux-mips64le": "0.14.47",
				"esbuild-linux-ppc64le": "0.14.47",
				"esbuild-linux-riscv64": "0.14.47",
				"esbuild-linux-s390x": "0.14.47",
				"esbuild-netbsd-64": "0.14.47",
				"esbuild-openbsd-64": "0.14.47",
				"esbuild-sunos-64": "0.14.47",
				"esbuild-windows-32": "0.14.47",
				"esbuild-windows-64": "0.14.47",
				"esbuild-windows-arm64": "0.14.47"
			},
			"bin": {
				"esbuild": "bin/esbuild"
			},
			"engines": {
				"node": ">=12"
			},
			"optionalDependencies": {
				"esbuild-android-64": "0.14.47",
				"esbuild-android-arm64": "0.14.47",
				"esbuild-darwin-64": "0.14.47",
				"esbuild-darwin-arm64": "0.14.47",
				"esbuild-freebsd-64": "0.14.47",
				"esbuild-freebsd-arm64": "0.14.47",
				"esbuild-linux-32": "0.14.47",
				"esbuild-linux-64": "0.14.47",
				"esbuild-linux-arm": "0.14.47",
				"esbuild-linux-arm64": "0.14.47",
				"esbuild-linux-mips64le": "0.14.47",
				"esbuild-linux-ppc64le": "0.14.47",
				"esbuild-linux-riscv64": "0.14.47",
				"esbuild-linux-s390x": "0.14.47",
				"esbuild-netbsd-64": "0.14.47",
				"esbuild-openbsd-64": "0.14.47",
				"esbuild-sunos-64": "0.14.47",
				"esbuild-windows-32": "0.14.47",
				"esbuild-windows-64": "0.14.47",
				"esbuild-windows-arm64": "0.14.47"
			}
		},
		"node_modules/esbuild-android-64": {
			"version": "0.14.47",
			"resolved": "https://registry.npmjs.org/esbuild-android-64/-/esbuild-android-64-0.14.47.tgz",
			"integrity": "sha512-R13Bd9+tqLVFndncMHssZrPWe6/0Kpv2/dt4aA69soX4PRxlzsVpCvoJeFE8sOEoeVEiBkI0myjlkDodXlHa0g==",
			"cpu": [
				"x64"
			],
			"optional": true,
			"os": [
				"android"
			],
			"engines": {
				"node": ">=12"
			}
		},
		"node_modules/esbuild-android-arm64": {
			"version": "0.14.47",
			"resolved": "https://registry.npmjs.org/esbuild-android-arm64/-/esbuild-android-arm64-0.14.47.tgz",
			"integrity": "sha512-OkwOjj7ts4lBp/TL6hdd8HftIzOy/pdtbrNA4+0oVWgGG64HrdVzAF5gxtJufAPOsEjkyh1oIYvKAUinKKQRSQ==",
			"cpu": [
				"arm64"
			],
			"optional": true,
			"os": [
				"android"
			],
			"engines": {
				"node": ">=12"
			}
		},
		"node_modules/esbuild-darwin-64": {
			"version": "0.14.47",
			"resolved": "https://registry.npmjs.org/esbuild-darwin-64/-/esbuild-darwin-64-0.14.47.tgz",
			"integrity": "sha512-R6oaW0y5/u6Eccti/TS6c/2c1xYTb1izwK3gajJwi4vIfNs1s8B1dQzI1UiC9T61YovOQVuePDcfqHLT3mUZJA==",
			"cpu": [
				"x64"
			],
			"optional": true,
			"os": [
				"darwin"
			],
			"engines": {
				"node": ">=12"
			}
		},
		"node_modules/esbuild-darwin-arm64": {
			"version": "0.14.47",
			"resolved": "https://registry.npmjs.org/esbuild-darwin-arm64/-/esbuild-darwin-arm64-0.14.47.tgz",
			"integrity": "sha512-seCmearlQyvdvM/noz1L9+qblC5vcBrhUaOoLEDDoLInF/VQ9IkobGiLlyTPYP5dW1YD4LXhtBgOyevoIHGGnw==",
			"cpu": [
				"arm64"
			],
			"optional": true,
			"os": [
				"darwin"
			],
			"engines": {
				"node": ">=12"
			}
		},
		"node_modules/esbuild-freebsd-64": {
			"version": "0.14.47",
			"resolved": "https://registry.npmjs.org/esbuild-freebsd-64/-/esbuild-freebsd-64-0.14.47.tgz",
			"integrity": "sha512-ZH8K2Q8/Ux5kXXvQMDsJcxvkIwut69KVrYQhza/ptkW50DC089bCVrJZZ3sKzIoOx+YPTrmsZvqeZERjyYrlvQ==",
			"cpu": [
				"x64"
			],
			"optional": true,
			"os": [
				"freebsd"
			],
			"engines": {
				"node": ">=12"
			}
		},
		"node_modules/esbuild-freebsd-arm64": {
			"version": "0.14.47",
			"resolved": "https://registry.npmjs.org/esbuild-freebsd-arm64/-/esbuild-freebsd-arm64-0.14.47.tgz",
			"integrity": "sha512-ZJMQAJQsIOhn3XTm7MPQfCzEu5b9STNC+s90zMWe2afy9EwnHV7Ov7ohEMv2lyWlc2pjqLW8QJnz2r0KZmeAEQ==",
			"cpu": [
				"arm64"
			],
			"optional": true,
			"os": [
				"freebsd"
			],
			"engines": {
				"node": ">=12"
			}
		},
		"node_modules/esbuild-linux-32": {
			"version": "0.14.47",
			"resolved": "https://registry.npmjs.org/esbuild-linux-32/-/esbuild-linux-32-0.14.47.tgz",
			"integrity": "sha512-FxZOCKoEDPRYvq300lsWCTv1kcHgiiZfNrPtEhFAiqD7QZaXrad8LxyJ8fXGcWzIFzRiYZVtB3ttvITBvAFhKw==",
			"cpu": [
				"ia32"
			],
			"optional": true,
			"os": [
				"linux"
			],
			"engines": {
				"node": ">=12"
			}
		},
		"node_modules/esbuild-linux-64": {
			"version": "0.14.47",
			"resolved": "https://registry.npmjs.org/esbuild-linux-64/-/esbuild-linux-64-0.14.47.tgz",
			"integrity": "sha512-nFNOk9vWVfvWYF9YNYksZptgQAdstnDCMtR6m42l5Wfugbzu11VpMCY9XrD4yFxvPo9zmzcoUL/88y0lfJZJJw==",
			"cpu": [
				"x64"
			],
			"optional": true,
			"os": [
				"linux"
			],
			"engines": {
				"node": ">=12"
			}
		},
		"node_modules/esbuild-linux-arm": {
			"version": "0.14.47",
			"resolved": "https://registry.npmjs.org/esbuild-linux-arm/-/esbuild-linux-arm-0.14.47.tgz",
			"integrity": "sha512-ZGE1Bqg/gPRXrBpgpvH81tQHpiaGxa8c9Rx/XOylkIl2ypLuOcawXEAo8ls+5DFCcRGt/o3sV+PzpAFZobOsmA==",
			"cpu": [
				"arm"
			],
			"optional": true,
			"os": [
				"linux"
			],
			"engines": {
				"node": ">=12"
			}
		},
		"node_modules/esbuild-linux-arm64": {
			"version": "0.14.47",
			"resolved": "https://registry.npmjs.org/esbuild-linux-arm64/-/esbuild-linux-arm64-0.14.47.tgz",
			"integrity": "sha512-ywfme6HVrhWcevzmsufjd4iT3PxTfCX9HOdxA7Hd+/ZM23Y9nXeb+vG6AyA6jgq/JovkcqRHcL9XwRNpWG6XRw==",
			"cpu": [
				"arm64"
			],
			"optional": true,
			"os": [
				"linux"
			],
			"engines": {
				"node": ">=12"
			}
		},
		"node_modules/esbuild-linux-mips64le": {
			"version": "0.14.47",
			"resolved": "https://registry.npmjs.org/esbuild-linux-mips64le/-/esbuild-linux-mips64le-0.14.47.tgz",
			"integrity": "sha512-mg3D8YndZ1LvUiEdDYR3OsmeyAew4MA/dvaEJxvyygahWmpv1SlEEnhEZlhPokjsUMfRagzsEF/d/2XF+kTQGg==",
			"cpu": [
				"mips64el"
			],
			"optional": true,
			"os": [
				"linux"
			],
			"engines": {
				"node": ">=12"
			}
		},
		"node_modules/esbuild-linux-ppc64le": {
			"version": "0.14.47",
			"resolved": "https://registry.npmjs.org/esbuild-linux-ppc64le/-/esbuild-linux-ppc64le-0.14.47.tgz",
			"integrity": "sha512-WER+f3+szmnZiWoK6AsrTKGoJoErG2LlauSmk73LEZFQ/iWC+KhhDsOkn1xBUpzXWsxN9THmQFltLoaFEH8F8w==",
			"cpu": [
				"ppc64"
			],
			"optional": true,
			"os": [
				"linux"
			],
			"engines": {
				"node": ">=12"
			}
		},
		"node_modules/esbuild-linux-riscv64": {
			"version": "0.14.47",
			"resolved": "https://registry.npmjs.org/esbuild-linux-riscv64/-/esbuild-linux-riscv64-0.14.47.tgz",
			"integrity": "sha512-1fI6bP3A3rvI9BsaaXbMoaOjLE3lVkJtLxsgLHqlBhLlBVY7UqffWBvkrX/9zfPhhVMd9ZRFiaqXnB1T7BsL2g==",
			"cpu": [
				"riscv64"
			],
			"optional": true,
			"os": [
				"linux"
			],
			"engines": {
				"node": ">=12"
			}
		},
		"node_modules/esbuild-linux-s390x": {
			"version": "0.14.47",
			"resolved": "https://registry.npmjs.org/esbuild-linux-s390x/-/esbuild-linux-s390x-0.14.47.tgz",
			"integrity": "sha512-eZrWzy0xFAhki1CWRGnhsHVz7IlSKX6yT2tj2Eg8lhAwlRE5E96Hsb0M1mPSE1dHGpt1QVwwVivXIAacF/G6mw==",
			"cpu": [
				"s390x"
			],
			"optional": true,
			"os": [
				"linux"
			],
			"engines": {
				"node": ">=12"
			}
		},
		"node_modules/esbuild-netbsd-64": {
			"version": "0.14.47",
			"resolved": "https://registry.npmjs.org/esbuild-netbsd-64/-/esbuild-netbsd-64-0.14.47.tgz",
			"integrity": "sha512-Qjdjr+KQQVH5Q2Q1r6HBYswFTToPpss3gqCiSw2Fpq/ua8+eXSQyAMG+UvULPqXceOwpnPo4smyZyHdlkcPppQ==",
			"cpu": [
				"x64"
			],
			"optional": true,
			"os": [
				"netbsd"
			],
			"engines": {
				"node": ">=12"
			}
		},
		"node_modules/esbuild-openbsd-64": {
			"version": "0.14.47",
			"resolved": "https://registry.npmjs.org/esbuild-openbsd-64/-/esbuild-openbsd-64-0.14.47.tgz",
			"integrity": "sha512-QpgN8ofL7B9z8g5zZqJE+eFvD1LehRlxr25PBkjyyasakm4599iroUpaj96rdqRlO2ShuyqwJdr+oNqWwTUmQw==",
			"cpu": [
				"x64"
			],
			"optional": true,
			"os": [
				"openbsd"
			],
			"engines": {
				"node": ">=12"
			}
		},
		"node_modules/esbuild-sunos-64": {
			"version": "0.14.47",
			"resolved": "https://registry.npmjs.org/esbuild-sunos-64/-/esbuild-sunos-64-0.14.47.tgz",
			"integrity": "sha512-uOeSgLUwukLioAJOiGYm3kNl+1wJjgJA8R671GYgcPgCx7QR73zfvYqXFFcIO93/nBdIbt5hd8RItqbbf3HtAQ==",
			"cpu": [
				"x64"
			],
			"optional": true,
			"os": [
				"sunos"
			],
			"engines": {
				"node": ">=12"
			}
		},
		"node_modules/esbuild-windows-32": {
			"version": "0.14.47",
			"resolved": "https://registry.npmjs.org/esbuild-windows-32/-/esbuild-windows-32-0.14.47.tgz",
			"integrity": "sha512-H0fWsLTp2WBfKLBgwYT4OTfFly4Im/8B5f3ojDv1Kx//kiubVY0IQunP2Koc/fr/0wI7hj3IiBDbSrmKlrNgLQ==",
			"cpu": [
				"ia32"
			],
			"optional": true,
			"os": [
				"win32"
			],
			"engines": {
				"node": ">=12"
			}
		},
		"node_modules/esbuild-windows-64": {
			"version": "0.14.47",
			"resolved": "https://registry.npmjs.org/esbuild-windows-64/-/esbuild-windows-64-0.14.47.tgz",
			"integrity": "sha512-/Pk5jIEH34T68r8PweKRi77W49KwanZ8X6lr3vDAtOlH5EumPE4pBHqkCUdELanvsT14yMXLQ/C/8XPi1pAtkQ==",
			"cpu": [
				"x64"
			],
			"optional": true,
			"os": [
				"win32"
			],
			"engines": {
				"node": ">=12"
			}
		},
		"node_modules/esbuild-windows-arm64": {
			"version": "0.14.47",
			"resolved": "https://registry.npmjs.org/esbuild-windows-arm64/-/esbuild-windows-arm64-0.14.47.tgz",
			"integrity": "sha512-HFSW2lnp62fl86/qPQlqw6asIwCnEsEoNIL1h2uVMgakddf+vUuMcCbtUY1i8sst7KkgHrVKCJQB33YhhOweCQ==",
			"cpu": [
				"arm64"
			],
			"optional": true,
			"os": [
				"win32"
			],
			"engines": {
				"node": ">=12"
			}
		},
		"node_modules/escape-html": {
			"version": "1.0.3",
			"license": "MIT"
		},
		"node_modules/etag": {
			"version": "1.8.1",
			"license": "MIT",
			"engines": {
				"node": ">= 0.6"
			}
		},
		"node_modules/express": {
			"version": "4.18.1",
			"license": "MIT",
			"dependencies": {
				"accepts": "~1.3.8",
				"array-flatten": "1.1.1",
				"body-parser": "1.20.0",
				"content-disposition": "0.5.4",
				"content-type": "~1.0.4",
				"cookie": "0.5.0",
				"cookie-signature": "1.0.6",
				"debug": "2.6.9",
				"depd": "2.0.0",
				"encodeurl": "~1.0.2",
				"escape-html": "~1.0.3",
				"etag": "~1.8.1",
				"finalhandler": "1.2.0",
				"fresh": "0.5.2",
				"http-errors": "2.0.0",
				"merge-descriptors": "1.0.1",
				"methods": "~1.1.2",
				"on-finished": "2.4.1",
				"parseurl": "~1.3.3",
				"path-to-regexp": "0.1.7",
				"proxy-addr": "~2.0.7",
				"qs": "6.10.3",
				"range-parser": "~1.2.1",
				"safe-buffer": "5.2.1",
				"send": "0.18.0",
				"serve-static": "1.15.0",
				"setprototypeof": "1.2.0",
				"statuses": "2.0.1",
				"type-is": "~1.6.18",
				"utils-merge": "1.0.1",
				"vary": "~1.1.2"
			},
			"engines": {
				"node": ">= 0.10.0"
			}
		},
		"node_modules/express/node_modules/debug": {
			"version": "2.6.9",
			"license": "MIT",
			"dependencies": {
				"ms": "2.0.0"
			}
		},
		"node_modules/express/node_modules/ms": {
			"version": "2.0.0",
			"license": "MIT"
		},
		"node_modules/finalhandler": {
			"version": "1.2.0",
			"license": "MIT",
			"dependencies": {
				"debug": "2.6.9",
				"encodeurl": "~1.0.2",
				"escape-html": "~1.0.3",
				"on-finished": "2.4.1",
				"parseurl": "~1.3.3",
				"statuses": "2.0.1",
				"unpipe": "~1.0.0"
			},
			"engines": {
				"node": ">= 0.8"
			}
		},
		"node_modules/finalhandler/node_modules/debug": {
			"version": "2.6.9",
			"license": "MIT",
			"dependencies": {
				"ms": "2.0.0"
			}
		},
		"node_modules/finalhandler/node_modules/ms": {
			"version": "2.0.0",
			"license": "MIT"
		},
		"node_modules/forwarded": {
			"version": "0.2.0",
			"license": "MIT",
			"engines": {
				"node": ">= 0.6"
			}
		},
		"node_modules/fresh": {
			"version": "0.5.2",
			"license": "MIT",
			"engines": {
				"node": ">= 0.6"
			}
		},
		"node_modules/function-bind": {
			"version": "1.1.1",
			"license": "MIT"
		},
		"node_modules/get-intrinsic": {
			"version": "1.1.2",
			"license": "MIT",
			"dependencies": {
				"function-bind": "^1.1.1",
				"has": "^1.0.3",
				"has-symbols": "^1.0.3"
			},
			"funding": {
				"url": "https://github.com/sponsors/ljharb"
			}
		},
		"node_modules/has": {
			"version": "1.0.3",
			"license": "MIT",
			"dependencies": {
				"function-bind": "^1.1.1"
			},
			"engines": {
				"node": ">= 0.4.0"
			}
		},
		"node_modules/has-symbols": {
			"version": "1.0.3",
			"license": "MIT",
			"engines": {
				"node": ">= 0.4"
			},
			"funding": {
				"url": "https://github.com/sponsors/ljharb"
			}
		},
		"node_modules/http-errors": {
			"version": "2.0.0",
			"license": "MIT",
			"dependencies": {
				"depd": "2.0.0",
				"inherits": "2.0.4",
				"setprototypeof": "1.2.0",
				"statuses": "2.0.1",
				"toidentifier": "1.0.1"
			},
			"engines": {
				"node": ">= 0.8"
			}
		},
		"node_modules/iconv-lite": {
			"version": "0.4.24",
			"license": "MIT",
			"dependencies": {
				"safer-buffer": ">= 2.1.2 < 3"
			},
			"engines": {
				"node": ">=0.10.0"
			}
		},
		"node_modules/inherits": {
			"version": "2.0.4",
			"license": "ISC"
		},
		"node_modules/ipaddr.js": {
			"version": "1.9.1",
			"license": "MIT",
			"engines": {
				"node": ">= 0.10"
			}
		},
		"node_modules/kaboom": {
			"resolved": "deps/kaboom",
			"link": true
		},
		"node_modules/media-typer": {
			"version": "0.3.0",
			"license": "MIT",
			"engines": {
				"node": ">= 0.6"
			}
		},
		"node_modules/merge-descriptors": {
			"version": "1.0.1",
			"license": "MIT"
		},
		"node_modules/methods": {
			"version": "1.1.2",
			"license": "MIT",
			"engines": {
				"node": ">= 0.6"
			}
		},
		"node_modules/mime": {
			"version": "1.6.0",
			"license": "MIT",
			"bin": {
				"mime": "cli.js"
			},
			"engines": {
				"node": ">=4"
			}
		},
		"node_modules/mime-db": {
			"version": "1.52.0",
			"license": "MIT",
			"engines": {
				"node": ">= 0.6"
			}
		},
		"node_modules/mime-types": {
			"version": "2.1.35",
			"license": "MIT",
			"dependencies": {
				"mime-db": "1.52.0"
			},
			"engines": {
				"node": ">= 0.6"
			}
		},
		"node_modules/negotiator": {
			"version": "0.6.3",
			"license": "MIT",
			"engines": {
				"node": ">= 0.6"
			}
		},
		"node_modules/node-fetch": {
			"version": "2.6.7",
			"license": "MIT",
			"dependencies": {
				"whatwg-url": "^5.0.0"
			},
			"engines": {
				"node": "4.x || >=6.0.0"
			},
			"peerDependencies": {
				"encoding": "^0.1.0"
			},
			"peerDependenciesMeta": {
				"encoding": {
					"optional": true
				}
			}
		},
		"node_modules/object-inspect": {
			"version": "1.12.2",
			"license": "MIT",
			"funding": {
				"url": "https://github.com/sponsors/ljharb"
			}
		},
		"node_modules/on-finished": {
			"version": "2.4.1",
			"license": "MIT",
			"dependencies": {
				"ee-first": "1.1.1"
			},
			"engines": {
				"node": ">= 0.8"
			}
		},
		"node_modules/parseurl": {
			"version": "1.3.3",
			"license": "MIT",
			"engines": {
				"node": ">= 0.8"
			}
		},
		"node_modules/path-to-regexp": {
			"version": "0.1.7",
			"license": "MIT"
		},
		"node_modules/proxy-addr": {
			"version": "2.0.7",
			"license": "MIT",
			"dependencies": {
				"forwarded": "0.2.0",
				"ipaddr.js": "1.9.1"
			},
			"engines": {
				"node": ">= 0.10"
			}
		},
		"node_modules/qs": {
			"version": "6.10.3",
			"license": "BSD-3-Clause",
			"dependencies": {
				"side-channel": "^1.0.4"
			},
			"engines": {
				"node": ">=0.6"
			},
			"funding": {
				"url": "https://github.com/sponsors/ljharb"
			}
		},
		"node_modules/range-parser": {
			"version": "1.2.1",
			"license": "MIT",
			"engines": {
				"node": ">= 0.6"
			}
		},
		"node_modules/raw-body": {
			"version": "2.5.1",
			"license": "MIT",
			"dependencies": {
				"bytes": "3.1.2",
				"http-errors": "2.0.0",
				"iconv-lite": "0.4.24",
				"unpipe": "1.0.0"
			},
			"engines": {
				"node": ">= 0.8"
			}
		},
		"node_modules/safe-buffer": {
			"version": "5.2.1",
			"funding": [
				{
					"type": "github",
					"url": "https://github.com/sponsors/feross"
				},
				{
					"type": "patreon",
					"url": "https://www.patreon.com/feross"
				},
				{
					"type": "consulting",
					"url": "https://feross.org/support"
				}
			],
			"license": "MIT"
		},
		"node_modules/safer-buffer": {
			"version": "2.1.2",
			"license": "MIT"
		},
		"node_modules/send": {
			"version": "0.18.0",
			"license": "MIT",
			"dependencies": {
				"debug": "2.6.9",
				"depd": "2.0.0",
				"destroy": "1.2.0",
				"encodeurl": "~1.0.2",
				"escape-html": "~1.0.3",
				"etag": "~1.8.1",
				"fresh": "0.5.2",
				"http-errors": "2.0.0",
				"mime": "1.6.0",
				"ms": "2.1.3",
				"on-finished": "2.4.1",
				"range-parser": "~1.2.1",
				"statuses": "2.0.1"
			},
			"engines": {
				"node": ">= 0.8.0"
			}
		},
		"node_modules/send/node_modules/debug": {
			"version": "2.6.9",
			"license": "MIT",
			"dependencies": {
				"ms": "2.0.0"
			}
		},
		"node_modules/send/node_modules/debug/node_modules/ms": {
			"version": "2.0.0",
			"license": "MIT"
		},
		"node_modules/send/node_modules/ms": {
			"version": "2.1.3",
			"license": "MIT"
		},
		"node_modules/serve-static": {
			"version": "1.15.0",
			"license": "MIT",
			"dependencies": {
				"encodeurl": "~1.0.2",
				"escape-html": "~1.0.3",
				"parseurl": "~1.3.3",
				"send": "0.18.0"
			},
			"engines": {
				"node": ">= 0.8.0"
			}
		},
		"node_modules/setprototypeof": {
			"version": "1.2.0",
			"license": "ISC"
		},
		"node_modules/side-channel": {
			"version": "1.0.4",
			"license": "MIT",
			"dependencies": {
				"call-bind": "^1.0.0",
				"get-intrinsic": "^1.0.2",
				"object-inspect": "^1.9.0"
			},
			"funding": {
				"url": "https://github.com/sponsors/ljharb"
			}
		},
		"node_modules/source-map": {
			"version": "0.5.6",
			"license": "BSD-3-Clause",
			"engines": {
				"node": ">=0.10.0"
			}
		},
		"node_modules/stack-generator": {
			"version": "2.0.5",
			"license": "MIT",
			"dependencies": {
				"stackframe": "^1.1.1"
			}
		},
		"node_modules/stackframe": {
			"version": "1.2.0",
			"license": "MIT"
		},
		"node_modules/stacktrace-gps": {
			"version": "3.0.4",
			"license": "MIT",
			"dependencies": {
				"source-map": "0.5.6",
				"stackframe": "^1.1.1"
			}
		},
		"node_modules/stacktrace-js": {
			"version": "2.0.2",
			"license": "MIT",
			"dependencies": {
				"error-stack-parser": "^2.0.6",
				"stack-generator": "^2.0.5",
				"stacktrace-gps": "^3.0.4"
			}
		},
		"node_modules/statuses": {
			"version": "2.0.1",
			"license": "MIT",
			"engines": {
				"node": ">= 0.8"
			}
		},
		"node_modules/toidentifier": {
			"version": "1.0.1",
			"license": "MIT",
			"engines": {
				"node": ">=0.6"
			}
		},
		"node_modules/tr46": {
			"version": "0.0.3",
			"license": "MIT"
		},
		"node_modules/type-is": {
			"version": "1.6.18",
			"license": "MIT",
			"dependencies": {
				"media-typer": "0.3.0",
				"mime-types": "~2.1.24"
			},
			"engines": {
				"node": ">= 0.6"
			}
		},
		"node_modules/unpipe": {
			"version": "1.0.0",
			"license": "MIT",
			"engines": {
				"node": ">= 0.8"
			}
		},
		"node_modules/utils-merge": {
			"version": "1.0.1",
			"license": "MIT",
			"engines": {
				"node": ">= 0.4.0"
			}
		},
		"node_modules/vary": {
			"version": "1.1.2",
			"license": "MIT",
			"engines": {
				"node": ">= 0.8"
			}
		},
		"node_modules/webidl-conversions": {
			"version": "3.0.1",
			"license": "BSD-2-Clause"
		},
		"node_modules/whatwg-url": {
			"version": "5.0.0",
			"license": "MIT",
			"dependencies": {
				"tr46": "~0.0.3",
				"webidl-conversions": "^3.0.0"
			}
		},
		"node_modules/ws": {
			"version": "8.7.0",
			"license": "MIT",
			"engines": {
				"node": ">=10.0.0"
			},
			"peerDependencies": {
				"bufferutil": "^4.0.1",
				"utf-8-validate": "^5.0.2"
			},
			"peerDependenciesMeta": {
				"bufferutil": {
					"optional": true
				},
				"utf-8-validate": {
					"optional": true
				}
			}
		}
	},
	"dependencies": {
		"@replit/database": {
			"version": "2.0.1",
			"requires": {
				"node-fetch": "^2.6.0"
			}
		},
		"accepts": {
			"version": "1.3.8",
			"requires": {
				"mime-types": "~2.1.34",
				"negotiator": "0.6.3"
			}
		},
		"array-flatten": {
			"version": "1.1.1"
		},
		"body-parser": {
			"version": "1.20.0",
			"requires": {
				"bytes": "3.1.2",
				"content-type": "~1.0.4",
				"debug": "2.6.9",
				"depd": "2.0.0",
				"destroy": "1.2.0",
				"http-errors": "2.0.0",
				"iconv-lite": "0.4.24",
				"on-finished": "2.4.1",
				"qs": "6.10.3",
				"raw-body": "2.5.1",
				"type-is": "~1.6.18",
				"unpipe": "1.0.0"
			},
			"dependencies": {
				"debug": {
					"version": "2.6.9",
					"requires": {
						"ms": "2.0.0"
					}
				},
				"ms": {
					"version": "2.0.0"
				}
			}
		},
		"bytes": {
			"version": "3.1.2"
		},
		"call-bind": {
			"version": "1.0.2",
			"requires": {
				"function-bind": "^1.1.1",
				"get-intrinsic": "^1.0.2"
			}
		},
		"content-disposition": {
			"version": "0.5.4",
			"requires": {
				"safe-buffer": "5.2.1"
			}
		},
		"content-type": {
			"version": "1.0.4"
		},
		"cookie": {
			"version": "0.5.0"
		},
		"cookie-signature": {
			"version": "1.0.6"
		},
		"depd": {
			"version": "2.0.0"
		},
		"destroy": {
			"version": "1.2.0"
		},
		"ee-first": {
			"version": "1.1.1"
		},
		"encodeurl": {
			"version": "1.0.2"
		},
		"error-stack-parser": {
			"version": "2.0.6",
			"requires": {
				"stackframe": "^1.1.1"
			}
		},
		"esbuild": {
			"version": "0.14.47",
			"resolved": "https://registry.npmjs.org/esbuild/-/esbuild-0.14.47.tgz",
			"integrity": "sha512-wI4ZiIfFxpkuxB8ju4MHrGwGLyp1+awEHAHVpx6w7a+1pmYIq8T9FGEVVwFo0iFierDoMj++Xq69GXWYn2EiwA==",
			"requires": {
				"esbuild-android-64": "0.14.47",
				"esbuild-android-arm64": "0.14.47",
				"esbuild-darwin-64": "0.14.47",
				"esbuild-darwin-arm64": "0.14.47",
				"esbuild-freebsd-64": "0.14.47",
				"esbuild-freebsd-arm64": "0.14.47",
				"esbuild-linux-32": "0.14.47",
				"esbuild-linux-64": "0.14.47",
				"esbuild-linux-arm": "0.14.47",
				"esbuild-linux-arm64": "0.14.47",
				"esbuild-linux-mips64le": "0.14.47",
				"esbuild-linux-ppc64le": "0.14.47",
				"esbuild-linux-riscv64": "0.14.47",
				"esbuild-linux-s390x": "0.14.47",
				"esbuild-netbsd-64": "0.14.47",
				"esbuild-openbsd-64": "0.14.47",
				"esbuild-sunos-64": "0.14.47",
				"esbuild-windows-32": "0.14.47",
				"esbuild-windows-64": "0.14.47",
				"esbuild-windows-arm64": "0.14.47"
			}
		},
		"esbuild-android-64": {
			"version": "0.14.47",
			"resolved": "https://registry.npmjs.org/esbuild-android-64/-/esbuild-android-64-0.14.47.tgz",
			"integrity": "sha512-R13Bd9+tqLVFndncMHssZrPWe6/0Kpv2/dt4aA69soX4PRxlzsVpCvoJeFE8sOEoeVEiBkI0myjlkDodXlHa0g==",
			"optional": true
		},
		"esbuild-android-arm64": {
			"version": "0.14.47",
			"resolved": "https://registry.npmjs.org/esbuild-android-arm64/-/esbuild-android-arm64-0.14.47.tgz",
			"integrity": "sha512-OkwOjj7ts4lBp/TL6hdd8HftIzOy/pdtbrNA4+0oVWgGG64HrdVzAF5gxtJufAPOsEjkyh1oIYvKAUinKKQRSQ==",
			"optional": true
		},
		"esbuild-darwin-64": {
			"version": "0.14.47",
			"resolved": "https://registry.npmjs.org/esbuild-darwin-64/-/esbuild-darwin-64-0.14.47.tgz",
			"integrity": "sha512-R6oaW0y5/u6Eccti/TS6c/2c1xYTb1izwK3gajJwi4vIfNs1s8B1dQzI1UiC9T61YovOQVuePDcfqHLT3mUZJA==",
			"optional": true
		},
		"esbuild-darwin-arm64": {
			"version": "0.14.47",
			"resolved": "https://registry.npmjs.org/esbuild-darwin-arm64/-/esbuild-darwin-arm64-0.14.47.tgz",
			"integrity": "sha512-seCmearlQyvdvM/noz1L9+qblC5vcBrhUaOoLEDDoLInF/VQ9IkobGiLlyTPYP5dW1YD4LXhtBgOyevoIHGGnw==",
			"optional": true
		},
		"esbuild-freebsd-64": {
			"version": "0.14.47",
			"resolved": "https://registry.npmjs.org/esbuild-freebsd-64/-/esbuild-freebsd-64-0.14.47.tgz",
			"integrity": "sha512-ZH8K2Q8/Ux5kXXvQMDsJcxvkIwut69KVrYQhza/ptkW50DC089bCVrJZZ3sKzIoOx+YPTrmsZvqeZERjyYrlvQ==",
			"optional": true
		},
		"esbuild-freebsd-arm64": {
			"version": "0.14.47",
			"resolved": "https://registry.npmjs.org/esbuild-freebsd-arm64/-/esbuild-freebsd-arm64-0.14.47.tgz",
			"integrity": "sha512-ZJMQAJQsIOhn3XTm7MPQfCzEu5b9STNC+s90zMWe2afy9EwnHV7Ov7ohEMv2lyWlc2pjqLW8QJnz2r0KZmeAEQ==",
			"optional": true
		},
		"esbuild-linux-32": {
			"version": "0.14.47",
			"resolved": "https://registry.npmjs.org/esbuild-linux-32/-/esbuild-linux-32-0.14.47.tgz",
			"integrity": "sha512-FxZOCKoEDPRYvq300lsWCTv1kcHgiiZfNrPtEhFAiqD7QZaXrad8LxyJ8fXGcWzIFzRiYZVtB3ttvITBvAFhKw==",
			"optional": true
		},
		"esbuild-linux-64": {
			"version": "0.14.47",
			"resolved": "https://registry.npmjs.org/esbuild-linux-64/-/esbuild-linux-64-0.14.47.tgz",
			"integrity": "sha512-nFNOk9vWVfvWYF9YNYksZptgQAdstnDCMtR6m42l5Wfugbzu11VpMCY9XrD4yFxvPo9zmzcoUL/88y0lfJZJJw==",
			"optional": true
		},
		"esbuild-linux-arm": {
			"version": "0.14.47",
			"resolved": "https://registry.npmjs.org/esbuild-linux-arm/-/esbuild-linux-arm-0.14.47.tgz",
			"integrity": "sha512-ZGE1Bqg/gPRXrBpgpvH81tQHpiaGxa8c9Rx/XOylkIl2ypLuOcawXEAo8ls+5DFCcRGt/o3sV+PzpAFZobOsmA==",
			"optional": true
		},
		"esbuild-linux-arm64": {
			"version": "0.14.47",
			"resolved": "https://registry.npmjs.org/esbuild-linux-arm64/-/esbuild-linux-arm64-0.14.47.tgz",
			"integrity": "sha512-ywfme6HVrhWcevzmsufjd4iT3PxTfCX9HOdxA7Hd+/ZM23Y9nXeb+vG6AyA6jgq/JovkcqRHcL9XwRNpWG6XRw==",
			"optional": true
		},
		"esbuild-linux-mips64le": {
			"version": "0.14.47",
			"resolved": "https://registry.npmjs.org/esbuild-linux-mips64le/-/esbuild-linux-mips64le-0.14.47.tgz",
			"integrity": "sha512-mg3D8YndZ1LvUiEdDYR3OsmeyAew4MA/dvaEJxvyygahWmpv1SlEEnhEZlhPokjsUMfRagzsEF/d/2XF+kTQGg==",
			"optional": true
		},
		"esbuild-linux-ppc64le": {
			"version": "0.14.47",
			"resolved": "https://registry.npmjs.org/esbuild-linux-ppc64le/-/esbuild-linux-ppc64le-0.14.47.tgz",
			"integrity": "sha512-WER+f3+szmnZiWoK6AsrTKGoJoErG2LlauSmk73LEZFQ/iWC+KhhDsOkn1xBUpzXWsxN9THmQFltLoaFEH8F8w==",
			"optional": true
		},
		"esbuild-linux-riscv64": {
			"version": "0.14.47",
			"resolved": "https://registry.npmjs.org/esbuild-linux-riscv64/-/esbuild-linux-riscv64-0.14.47.tgz",
			"integrity": "sha512-1fI6bP3A3rvI9BsaaXbMoaOjLE3lVkJtLxsgLHqlBhLlBVY7UqffWBvkrX/9zfPhhVMd9ZRFiaqXnB1T7BsL2g==",
			"optional": true
		},
		"esbuild-linux-s390x": {
			"version": "0.14.47",
			"resolved": "https://registry.npmjs.org/esbuild-linux-s390x/-/esbuild-linux-s390x-0.14.47.tgz",
			"integrity": "sha512-eZrWzy0xFAhki1CWRGnhsHVz7IlSKX6yT2tj2Eg8lhAwlRE5E96Hsb0M1mPSE1dHGpt1QVwwVivXIAacF/G6mw==",
			"optional": true
		},
		"esbuild-netbsd-64": {
			"version": "0.14.47",
			"resolved": "https://registry.npmjs.org/esbuild-netbsd-64/-/esbuild-netbsd-64-0.14.47.tgz",
			"integrity": "sha512-Qjdjr+KQQVH5Q2Q1r6HBYswFTToPpss3gqCiSw2Fpq/ua8+eXSQyAMG+UvULPqXceOwpnPo4smyZyHdlkcPppQ==",
			"optional": true
		},
		"esbuild-openbsd-64": {
			"version": "0.14.47",
			"resolved": "https://registry.npmjs.org/esbuild-openbsd-64/-/esbuild-openbsd-64-0.14.47.tgz",
			"integrity": "sha512-QpgN8ofL7B9z8g5zZqJE+eFvD1LehRlxr25PBkjyyasakm4599iroUpaj96rdqRlO2ShuyqwJdr+oNqWwTUmQw==",
			"optional": true
		},
		"esbuild-sunos-64": {
			"version": "0.14.47",
			"resolved": "https://registry.npmjs.org/esbuild-sunos-64/-/esbuild-sunos-64-0.14.47.tgz",
			"integrity": "sha512-uOeSgLUwukLioAJOiGYm3kNl+1wJjgJA8R671GYgcPgCx7QR73zfvYqXFFcIO93/nBdIbt5hd8RItqbbf3HtAQ==",
			"optional": true
		},
		"esbuild-windows-32": {
			"version": "0.14.47",
			"resolved": "https://registry.npmjs.org/esbuild-windows-32/-/esbuild-windows-32-0.14.47.tgz",
			"integrity": "sha512-H0fWsLTp2WBfKLBgwYT4OTfFly4Im/8B5f3ojDv1Kx//kiubVY0IQunP2Koc/fr/0wI7hj3IiBDbSrmKlrNgLQ==",
			"optional": true
		},
		"esbuild-windows-64": {
			"version": "0.14.47",
			"resolved": "https://registry.npmjs.org/esbuild-windows-64/-/esbuild-windows-64-0.14.47.tgz",
			"integrity": "sha512-/Pk5jIEH34T68r8PweKRi77W49KwanZ8X6lr3vDAtOlH5EumPE4pBHqkCUdELanvsT14yMXLQ/C/8XPi1pAtkQ==",
			"optional": true
		},
		"esbuild-windows-arm64": {
			"version": "0.14.47",
			"resolved": "https://registry.npmjs.org/esbuild-windows-arm64/-/esbuild-windows-arm64-0.14.47.tgz",
			"integrity": "sha512-HFSW2lnp62fl86/qPQlqw6asIwCnEsEoNIL1h2uVMgakddf+vUuMcCbtUY1i8sst7KkgHrVKCJQB33YhhOweCQ==",
			"optional": true
		},
		"escape-html": {
			"version": "1.0.3"
		},
		"etag": {
			"version": "1.8.1"
		},
		"express": {
			"version": "4.18.1",
			"requires": {
				"accepts": "~1.3.8",
				"array-flatten": "1.1.1",
				"body-parser": "1.20.0",
				"content-disposition": "0.5.4",
				"content-type": "~1.0.4",
				"cookie": "0.5.0",
				"cookie-signature": "1.0.6",
				"debug": "2.6.9",
				"depd": "2.0.0",
				"encodeurl": "~1.0.2",
				"escape-html": "~1.0.3",
				"etag": "~1.8.1",
				"finalhandler": "1.2.0",
				"fresh": "0.5.2",
				"http-errors": "2.0.0",
				"merge-descriptors": "1.0.1",
				"methods": "~1.1.2",
				"on-finished": "2.4.1",
				"parseurl": "~1.3.3",
				"path-to-regexp": "0.1.7",
				"proxy-addr": "~2.0.7",
				"qs": "6.10.3",
				"range-parser": "~1.2.1",
				"safe-buffer": "5.2.1",
				"send": "0.18.0",
				"serve-static": "1.15.0",
				"setprototypeof": "1.2.0",
				"statuses": "2.0.1",
				"type-is": "~1.6.18",
				"utils-merge": "1.0.1",
				"vary": "~1.1.2"
			},
			"dependencies": {
				"debug": {
					"version": "2.6.9",
					"requires": {
						"ms": "2.0.0"
					}
				},
				"ms": {
					"version": "2.0.0"
				}
			}
		},
		"finalhandler": {
			"version": "1.2.0",
			"requires": {
				"debug": "2.6.9",
				"encodeurl": "~1.0.2",
				"escape-html": "~1.0.3",
				"on-finished": "2.4.1",
				"parseurl": "~1.3.3",
				"statuses": "2.0.1",
				"unpipe": "~1.0.0"
			},
			"dependencies": {
				"debug": {
					"version": "2.6.9",
					"requires": {
						"ms": "2.0.0"
					}
				},
				"ms": {
					"version": "2.0.0"
				}
			}
		},
		"forwarded": {
			"version": "0.2.0"
		},
		"fresh": {
			"version": "0.5.2"
		},
		"function-bind": {
			"version": "1.1.1"
		},
		"get-intrinsic": {
			"version": "1.1.2",
			"requires": {
				"function-bind": "^1.1.1",
				"has": "^1.0.3",
				"has-symbols": "^1.0.3"
			}
		},
		"has": {
			"version": "1.0.3",
			"requires": {
				"function-bind": "^1.1.1"
			}
		},
		"has-symbols": {
			"version": "1.0.3"
		},
		"http-errors": {
			"version": "2.0.0",
			"requires": {
				"depd": "2.0.0",
				"inherits": "2.0.4",
				"setprototypeof": "1.2.0",
				"statuses": "2.0.1",
				"toidentifier": "1.0.1"
			}
		},
		"iconv-lite": {
			"version": "0.4.24",
			"requires": {
				"safer-buffer": ">= 2.1.2 < 3"
			}
		},
		"inherits": {
			"version": "2.0.4"
		},
		"ipaddr.js": {
			"version": "1.9.1"
		},
		"kaboom": {
			"version": "file:deps/kaboom",
			"requires": {
				"esbuild": "0.14.47",
				"typescript": "4.5.4"
			},
			"dependencies": {
				"esbuild": {
					"version": "0.14.47",
					"dev": true,
					"requires": {
						"esbuild-android-64": "0.14.47",
						"esbuild-android-arm64": "0.14.47",
						"esbuild-darwin-64": "0.14.47",
						"esbuild-darwin-arm64": "0.14.47",
						"esbuild-freebsd-64": "0.14.47",
						"esbuild-freebsd-arm64": "0.14.47",
						"esbuild-linux-32": "0.14.47",
						"esbuild-linux-64": "0.14.47",
						"esbuild-linux-arm": "0.14.47",
						"esbuild-linux-arm64": "0.14.47",
						"esbuild-linux-mips64le": "0.14.47",
						"esbuild-linux-ppc64le": "0.14.47",
						"esbuild-linux-riscv64": "0.14.47",
						"esbuild-linux-s390x": "0.14.47",
						"esbuild-netbsd-64": "0.14.47",
						"esbuild-openbsd-64": "0.14.47",
						"esbuild-sunos-64": "0.14.47",
						"esbuild-windows-32": "0.14.47",
						"esbuild-windows-64": "0.14.47",
						"esbuild-windows-arm64": "0.14.47"
					}
				},
				"typescript": {
					"version": "4.5.4",
					"dev": true
				}
			}
		},
		"media-typer": {
			"version": "0.3.0"
		},
		"merge-descriptors": {
			"version": "1.0.1"
		},
		"methods": {
			"version": "1.1.2"
		},
		"mime": {
			"version": "1.6.0"
		},
		"mime-db": {
			"version": "1.52.0"
		},
		"mime-types": {
			"version": "2.1.35",
			"requires": {
				"mime-db": "1.52.0"
			}
		},
		"negotiator": {
			"version": "0.6.3"
		},
		"node-fetch": {
			"version": "2.6.7",
			"requires": {
				"whatwg-url": "^5.0.0"
			}
		},
		"object-inspect": {
			"version": "1.12.2"
		},
		"on-finished": {
			"version": "2.4.1",
			"requires": {
				"ee-first": "1.1.1"
			}
		},
		"parseurl": {
			"version": "1.3.3"
		},
		"path-to-regexp": {
			"version": "0.1.7"
		},
		"proxy-addr": {
			"version": "2.0.7",
			"requires": {
				"forwarded": "0.2.0",
				"ipaddr.js": "1.9.1"
			}
		},
		"qs": {
			"version": "6.10.3",
			"requires": {
				"side-channel": "^1.0.4"
			}
		},
		"range-parser": {
			"version": "1.2.1"
		},
		"raw-body": {
			"version": "2.5.1",
			"requires": {
				"bytes": "3.1.2",
				"http-errors": "2.0.0",
				"iconv-lite": "0.4.24",
				"unpipe": "1.0.0"
			}
		},
		"safe-buffer": {
			"version": "5.2.1"
		},
		"safer-buffer": {
			"version": "2.1.2"
		},
		"send": {
			"version": "0.18.0",
			"requires": {
				"debug": "2.6.9",
				"depd": "2.0.0",
				"destroy": "1.2.0",
				"encodeurl": "~1.0.2",
				"escape-html": "~1.0.3",
				"etag": "~1.8.1",
				"fresh": "0.5.2",
				"http-errors": "2.0.0",
				"mime": "1.6.0",
				"ms": "2.1.3",
				"on-finished": "2.4.1",
				"range-parser": "~1.2.1",
				"statuses": "2.0.1"
			},
			"dependencies": {
				"debug": {
					"version": "2.6.9",
					"requires": {
						"ms": "2.0.0"
					},
					"dependencies": {
						"ms": {
							"version": "2.0.0"
						}
					}
				},
				"ms": {
					"version": "2.1.3"
				}
			}
		},
		"serve-static": {
			"version": "1.15.0",
			"requires": {
				"encodeurl": "~1.0.2",
				"escape-html": "~1.0.3",
				"parseurl": "~1.3.3",
				"send": "0.18.0"
			}
		},
		"setprototypeof": {
			"version": "1.2.0"
		},
		"side-channel": {
			"version": "1.0.4",
			"requires": {
				"call-bind": "^1.0.0",
				"get-intrinsic": "^1.0.2",
				"object-inspect": "^1.9.0"
			}
		},
		"source-map": {
			"version": "0.5.6"
		},
		"stack-generator": {
			"version": "2.0.5",
			"requires": {
				"stackframe": "^1.1.1"
			}
		},
		"stackframe": {
			"version": "1.2.0"
		},
		"stacktrace-gps": {
			"version": "3.0.4",
			"requires": {
				"source-map": "0.5.6",
				"stackframe": "^1.1.1"
			}
		},
		"stacktrace-js": {
			"version": "2.0.2",
			"requires": {
				"error-stack-parser": "^2.0.6",
				"stack-generator": "^2.0.5",
				"stacktrace-gps": "^3.0.4"
			}
		},
		"statuses": {
			"version": "2.0.1"
		},
		"toidentifier": {
			"version": "1.0.1"
		},
		"tr46": {
			"version": "0.0.3"
		},
		"type-is": {
			"version": "1.6.18",
			"requires": {
				"media-typer": "0.3.0",
				"mime-types": "~2.1.24"
			}
		},
		"unpipe": {
			"version": "1.0.0"
		},
		"utils-merge": {
			"version": "1.0.1"
		},
		"vary": {
			"version": "1.1.2"
		},
		"webidl-conversions": {
			"version": "3.0.1"
		},
		"whatwg-url": {
			"version": "5.0.0",
			"requires": {
				"tr46": "~0.0.3",
				"webidl-conversions": "^3.0.0"
			}
		},
		"ws": {
			"version": "8.7.0",
			"requires": {}
		}
	}
}
